{
  "version": 4,
  "terraform_version": "1.5.7",
  "serial": 122,
  "lineage": "ed4105f6-dcdc-8dd1-8823-d3c090487229",
  "outputs": {},
  "resources": [
    {
      "mode": "managed",
      "type": "aws_eks_cluster",
      "name": "eks-cluster",
      "provider": "provider[\"registry.terraform.io/hashicorp/aws\"]",
      "instances": [
        {
          "schema_version": 0,
          "attributes": {
            "arn": "arn:aws:eks:us-east-1:777445432602:cluster/eks-cluster",
            "certificate_authority": [
              {
                "data": "LS0tLS1CRUdJTiBDRVJUSUZJQ0FURS0tLS0tCk1JSURCVENDQWUyZ0F3SUJBZ0lJTTR5Z0hScnNIZjR3RFFZSktvWklodmNOQVFFTEJRQXdGVEVUTUJFR0ExVUUKQXhNS2EzVmlaWEp1WlhSbGN6QWVGdzB5TXpBNU1qZ3hNVFUyTURCYUZ3MHpNekE1TWpVeE1UVTJNREJhTUJVeApFekFSQmdOVkJBTVRDbXQxWW1WeWJtVjBaWE13Z2dFaU1BMEdDU3FHU0liM0RRRUJBUVVBQTRJQkR3QXdnZ0VLCkFvSUJBUUM3VXFEeWFpVXBPOEk0MkpNUlBOUnltMFdXKzFVbDB2K3ViRUViejZPQURiR054K3J2bkI0VlhCSlQKNzBTbytaZEpoN2diZGxXajc3VWphMWZSbVBEYUpoRjIzZmd1WWNOSFlweWNzUWo5WVErZG5VYTBJT2hYZEg2bgpGL2lUZE5MbDlFY2ZDWVh4eVFlSFhva1dyTCt6ZVBtZE9wN3h6YWN0ck1oT1JaRXdiQlhyc0JpNCsyME95by9VCjU4WUxDRnh1dEN3MVdNSnpsUHZaSWMyY3BsNllSUTZ6UlpXak5XcWxsbzI2N3lHbUkvMFhCRzcrNWprVS9CeGkKd3BTalR5b21xSFA0Y2tYM2FjRC9pbUlTamJVQUlQWStiVUgrbFJQWkJyd0NoVjdJREUxcU9tWVl1Ni9rcS9LOQpJUExqRHdBOGVtVGY0dUhnUndFV1JxbWVXWnBuQWdNQkFBR2pXVEJYTUE0R0ExVWREd0VCL3dRRUF3SUNwREFQCkJnTlZIUk1CQWY4RUJUQURBUUgvTUIwR0ExVWREZ1FXQkJUcHY4c2R6WUJ2Q1M4UW1hRFpnM0RKNlNvZGZqQVYKQmdOVkhSRUVEakFNZ2dwcmRXSmxjbTVsZEdWek1BMEdDU3FHU0liM0RRRUJDd1VBQTRJQkFRQXRqWFMrb1JKZwozL1ArUFZwSkcybjYrc0x1OEtML2puTU9FK2ZMOWVoNlIvNE5uZDJDbjNaQisrSEhRR3JwRDNMa1JYdlBpWjNKCnNDTmZNNjFSRmdmcDRZVEJkeFJtcFdHVnpkdlQ5ajBpMVk0bkdqNU9NSUMvazZMWXd6dWtML1U0QnVJNm5ra2EKZzM5cEdwd21qaW1rUFBFU2k3eC9MeU04ZElLR0pPZXNYamVVZXliK0hCY0tCTFo2UVBsQ1B0WFlRU3ZndVM2cwpRdzhlOHRkWUtRTWdLc1BVa1RWd0Jicy9qajVkYnJoTmprdCsvSUlZRjk3NEVmaWxCUUdpYXF6dDNUcDhNOXRlCnN3Z1hGaFRmclRMOTEwR1MzVG55aVViZ2s4NzVQQ3FMS04xTHUvSlA2SHY4MTl5dFNxUVJ5Y2VpcSttbVdnY0wKbmtYaStGUm9qVlp6Ci0tLS0tRU5EIENFUlRJRklDQVRFLS0tLS0K"
              }
            ],
            "cluster_id": null,
            "created_at": "2023-09-28 11:51:05.979 +0000 UTC",
            "enabled_cluster_log_types": null,
            "encryption_config": [],
            "endpoint": "https://95BF736238BDFA7F58704C05CD6CB6AD.gr7.us-east-1.eks.amazonaws.com",
            "id": "eks-cluster",
            "identity": [
              {
                "oidc": [
                  {
                    "issuer": "https://oidc.eks.us-east-1.amazonaws.com/id/95BF736238BDFA7F58704C05CD6CB6AD"
                  }
                ]
              }
            ],
            "kubernetes_network_config": [
              {
                "ip_family": "ipv4",
                "service_ipv4_cidr": "10.100.0.0/16",
                "service_ipv6_cidr": ""
              }
            ],
            "name": "eks-cluster",
            "outpost_config": [],
            "platform_version": "eks.5",
            "role_arn": "arn:aws:iam::777445432602:role/EKSClusterRole",
            "status": "ACTIVE",
            "tags": null,
            "tags_all": {},
            "timeouts": null,
            "version": "1.27",
            "vpc_config": [
              {
                "cluster_security_group_id": "sg-0c0f994a0018f0f4f",
                "endpoint_private_access": false,
                "endpoint_public_access": true,
                "public_access_cidrs": [
                  "0.0.0.0/0"
                ],
                "security_group_ids": [
                  "sg-07bf09b10b0aeb44b"
                ],
                "subnet_ids": [
                  "subnet-019a335d12c29e98c",
                  "subnet-02d6b6aa7ff0c63ed",
                  "subnet-0f096b9fb6c80ead7"
                ],
                "vpc_id": "vpc-0142dc904e0e0d53e"
              }
            ]
          },
          "sensitive_attributes": [],
          "private": "eyJlMmJmYjczMC1lY2FhLTExZTYtOGY4OC0zNDM2M2JjN2M0YzAiOnsiY3JlYXRlIjoxODAwMDAwMDAwMDAwLCJkZWxldGUiOjkwMDAwMDAwMDAwMCwidXBkYXRlIjozNjAwMDAwMDAwMDAwfX0="
        }
      ]
    },
    {
      "mode": "managed",
      "type": "aws_eks_node_group",
      "name": "eks_worker",
      "provider": "provider[\"registry.terraform.io/hashicorp/aws\"]",
      "instances": [
        {
          "schema_version": 0,
          "attributes": {
            "ami_type": "AL2_x86_64",
            "arn": "arn:aws:eks:us-east-1:777445432602:nodegroup/eks-cluster/my-node-group/b8c56dd4-40b2-3fcd-855b-6212b9fad228",
            "capacity_type": "ON_DEMAND",
            "cluster_name": "eks-cluster",
            "disk_size": 20,
            "force_update_version": null,
            "id": "eks-cluster:my-node-group",
            "instance_types": [
              "t2.small"
            ],
            "labels": null,
            "launch_template": [],
            "node_group_name": "my-node-group",
            "node_group_name_prefix": "",
            "node_role_arn": "arn:aws:iam::777445432602:role/EKSNodeGroupRole",
            "release_version": "1.27.5-20230919",
            "remote_access": [],
            "resources": [
              {
                "autoscaling_groups": [
                  {
                    "name": "eks-my-node-group-b8c56dd4-40b2-3fcd-855b-6212b9fad228"
                  }
                ],
                "remote_access_security_group_id": ""
              }
            ],
            "scaling_config": [
              {
                "desired_size": 1,
                "max_size": 2,
                "min_size": 1
              }
            ],
            "status": "ACTIVE",
            "subnet_ids": [
              "subnet-02d6b6aa7ff0c63ed",
              "subnet-0f096b9fb6c80ead7"
            ],
            "tags": null,
            "tags_all": {},
            "taint": [],
            "timeouts": null,
            "update_config": [
              {
                "max_unavailable": 1,
                "max_unavailable_percentage": 0
              }
            ],
            "version": "1.27"
          },
          "sensitive_attributes": [],
          "private": "eyJlMmJmYjczMC1lY2FhLTExZTYtOGY4OC0zNDM2M2JjN2M0YzAiOnsiY3JlYXRlIjozNjAwMDAwMDAwMDAwLCJkZWxldGUiOjM2MDAwMDAwMDAwMDAsInVwZGF0ZSI6MzYwMDAwMDAwMDAwMH19",
          "dependencies": [
            "aws_eks_cluster.eks-cluster"
          ]
        }
      ]
    }
  ],
  "check_results": null
}
