{
  "version": 4,
  "terraform_version": "1.5.7",
  "serial": 128,
  "lineage": "ed4105f6-dcdc-8dd1-8823-d3c090487229",
  "outputs": {},
  "resources": [
    {
      "mode": "managed",
      "type": "aws_eks_cluster",
      "name": "eks-cluster",
      "provider": "provider[\"registry.terraform.io/hashicorp/aws\"]",
      "instances": [
        {
          "schema_version": 0,
          "attributes": {
            "arn": "arn:aws:eks:us-east-1:777445432602:cluster/eks-cluster",
            "certificate_authority": [
              {
                "data": "LS0tLS1CRUdJTiBDRVJUSUZJQ0FURS0tLS0tCk1JSURCVENDQWUyZ0F3SUJBZ0lJUDNYSjJ0SmxweHN3RFFZSktvWklodmNOQVFFTEJRQXdGVEVUTUJFR0ExVUUKQXhNS2EzVmlaWEp1WlhSbGN6QWVGdzB5TXpBNU1qa3dPRE0yTVRoYUZ3MHpNekE1TWpZd09ETTJNVGhhTUJVeApFekFSQmdOVkJBTVRDbXQxWW1WeWJtVjBaWE13Z2dFaU1BMEdDU3FHU0liM0RRRUJBUVVBQTRJQkR3QXdnZ0VLCkFvSUJBUURHZGczQmtiQWd2SExMTGt6bEZPdEhLaitGcVY2Rk01dzdpUGRwS2FFM2FGcC9rcEtURVU4bGVpTlgKa3NsSWU3VHJ2djFld1dxSFFoazVEOXhyV3l1bjdnVmlYM2tuYlJSSmhwMVI3d21BNi9JcjQ0VHhpb2ZsRlVSdwpVNWFQbk0zemhzTmZPRmN1M2JJcTA4bHp2V0lDUUdRWEQvcVRsRCs3eEFXR3dnb2ZKZEJlZ1Jlb0VnR2NmcnZwCjRZVE4xYk0zTVZYOFhsRHJ3VlQ1NWFDSFZpLzdCMzRnL1J5VCtjVEQ1OFZGa0dKMFZWTkNPY2VwSXVyR3JLdHIKa3VXcTIzZ1c0bU9yZ0s1OE8xZWNmMWxJN2F0QWtJZEZ4bGpUaUhEQm5UK0dEU2tFOFFibVQyTGFKdEFpaTh2SwpDUkxpQkRGdU1Xb1o1a0diQkJ2bmNIUlNvbmpOQWdNQkFBR2pXVEJYTUE0R0ExVWREd0VCL3dRRUF3SUNwREFQCkJnTlZIUk1CQWY4RUJUQURBUUgvTUIwR0ExVWREZ1FXQkJTa2NyVmYyU3ZsUDlpYldaNVlSb28xbFpSTHl6QVYKQmdOVkhSRUVEakFNZ2dwcmRXSmxjbTVsZEdWek1BMEdDU3FHU0liM0RRRUJDd1VBQTRJQkFRQ0FmZU9lSm5qSgpyMW9ESWRZMHQwY0p2Vk4rd1YzZlgya21mRnJpK0Nya0tSaXJCVUFwQUloc2s5Z2pHcnVPRlFiczV3ZTA3ZlNhCmgvNWxqbWorNUtKOCtxcFU1UVAzWXpQdVJZTlJwWUJsRTJ6Sm14QnBRdDFvSW1XVDJ3eEcwelo3Q1ZLTmNQREEKZW1ZZXdkNGVPZHBXVmZzcDJJY3M1aFFuM0hNS0xDRTY2WW81QldvazliT2RhVWNtRTJ0ZkpxNzFaT0tnZ0xPcQpramc0alVPZkJMQWxNaG5IUDAwc1ZlZG1zSXRCaWN6RjdMcnpDTUZmdkdYZDFOZjRKWVNWTm5ybGVWRXhaVEdYCndkOWxWTTBJcUVWVFNtTDYxZ3V4VXo4MEFxemZDY0gzT3hzNlpvWFA4bFFaUFlDRDVmU1E5UkNZWmpjSXBpbW8KLy83OTJPRzVPcy9iCi0tLS0tRU5EIENFUlRJRklDQVRFLS0tLS0K"
              }
            ],
            "cluster_id": null,
            "created_at": "2023-09-29 08:31:03.188 +0000 UTC",
            "enabled_cluster_log_types": null,
            "encryption_config": [],
            "endpoint": "https://83F0858010284CA541ED699A89EFF527.gr7.us-east-1.eks.amazonaws.com",
            "id": "eks-cluster",
            "identity": [
              {
                "oidc": [
                  {
                    "issuer": "https://oidc.eks.us-east-1.amazonaws.com/id/83F0858010284CA541ED699A89EFF527"
                  }
                ]
              }
            ],
            "kubernetes_network_config": [
              {
                "ip_family": "ipv4",
                "service_ipv4_cidr": "10.100.0.0/16",
                "service_ipv6_cidr": ""
              }
            ],
            "name": "eks-cluster",
            "outpost_config": [],
            "platform_version": "eks.5",
            "role_arn": "arn:aws:iam::777445432602:role/EKSClusterRole",
            "status": "ACTIVE",
            "tags": null,
            "tags_all": {},
            "timeouts": null,
            "version": "1.27",
            "vpc_config": [
              {
                "cluster_security_group_id": "sg-03f4cb7ee89fa7761",
                "endpoint_private_access": false,
                "endpoint_public_access": true,
                "public_access_cidrs": [
                  "0.0.0.0/0"
                ],
                "security_group_ids": [
                  "sg-07bf09b10b0aeb44b"
                ],
                "subnet_ids": [
                  "subnet-019a335d12c29e98c",
                  "subnet-02d6b6aa7ff0c63ed",
                  "subnet-0f096b9fb6c80ead7"
                ],
                "vpc_id": "vpc-0142dc904e0e0d53e"
              }
            ]
          },
          "sensitive_attributes": [],
          "private": "eyJlMmJmYjczMC1lY2FhLTExZTYtOGY4OC0zNDM2M2JjN2M0YzAiOnsiY3JlYXRlIjoxODAwMDAwMDAwMDAwLCJkZWxldGUiOjkwMDAwMDAwMDAwMCwidXBkYXRlIjozNjAwMDAwMDAwMDAwfX0="
        }
      ]
    },
    {
      "mode": "managed",
      "type": "aws_eks_node_group",
      "name": "eks_worker",
      "provider": "provider[\"registry.terraform.io/hashicorp/aws\"]",
      "instances": [
        {
          "schema_version": 0,
          "attributes": {
            "ami_type": "AL2_x86_64",
            "arn": "arn:aws:eks:us-east-1:777445432602:nodegroup/eks-cluster/my-node-group/bac5700c-06c6-cd07-b758-a2e982da4841",
            "capacity_type": "ON_DEMAND",
            "cluster_name": "eks-cluster",
            "disk_size": 20,
            "force_update_version": null,
            "id": "eks-cluster:my-node-group",
            "instance_types": [
              "t2.small"
            ],
            "labels": null,
            "launch_template": [],
            "node_group_name": "my-node-group",
            "node_group_name_prefix": "",
            "node_role_arn": "arn:aws:iam::777445432602:role/EKSNodeGroupRole",
            "release_version": "1.27.5-20230919",
            "remote_access": [],
            "resources": [
              {
                "autoscaling_groups": [
                  {
                    "name": "eks-my-node-group-bac5700c-06c6-cd07-b758-a2e982da4841"
                  }
                ],
                "remote_access_security_group_id": ""
              }
            ],
            "scaling_config": [
              {
                "desired_size": 1,
                "max_size": 2,
                "min_size": 1
              }
            ],
            "status": "ACTIVE",
            "subnet_ids": [
              "subnet-02d6b6aa7ff0c63ed",
              "subnet-0f096b9fb6c80ead7"
            ],
            "tags": null,
            "tags_all": {},
            "taint": [],
            "timeouts": null,
            "update_config": [
              {
                "max_unavailable": 1,
                "max_unavailable_percentage": 0
              }
            ],
            "version": "1.27"
          },
          "sensitive_attributes": [],
          "private": "eyJlMmJmYjczMC1lY2FhLTExZTYtOGY4OC0zNDM2M2JjN2M0YzAiOnsiY3JlYXRlIjozNjAwMDAwMDAwMDAwLCJkZWxldGUiOjM2MDAwMDAwMDAwMDAsInVwZGF0ZSI6MzYwMDAwMDAwMDAwMH19",
          "dependencies": [
            "aws_eks_cluster.eks-cluster"
          ]
        }
      ]
    }
  ],
  "check_results": null
}
